// !$*UTF8*$!
{
	archiveVersion = 1;
	classes = {
	};
	objectVersion = 56;
	objects = {

/* Begin PBXBuildFile section */
		CE0522B52BD0F25500A7C182 /* Product.swift in Sources */ = {isa = PBXBuildFile; fileRef = CE0522B42BD0F25500A7C182 /* Product.swift */; };
		CE2A1A2B2BD3FB3500423568 /* CategoryView.swift in Sources */ = {isa = PBXBuildFile; fileRef = CE2A1A2A2BD3FB3500423568 /* CategoryView.swift */; };
		CE45F1712BC97680000B430E /* HeaderView.swift in Sources */ = {isa = PBXBuildFile; fileRef = CE45F1702BC97680000B430E /* HeaderView.swift */; };
		CE48ADFB2BC5897A00F11775 /* Typealiases.swift in Sources */ = {isa = PBXBuildFile; fileRef = CE48ADFA2BC5897A00F11775 /* Typealiases.swift */; };
		CE48ADFD2BC5898A00F11775 /* Constants.swift in Sources */ = {isa = PBXBuildFile; fileRef = CE48ADFC2BC5898A00F11775 /* Constants.swift */; };
		CE48ADFF2BC5899A00F11775 /* Enums.swift in Sources */ = {isa = PBXBuildFile; fileRef = CE48ADFE2BC5899A00F11775 /* Enums.swift */; };
		CE48AE042BC589FA00F11775 /* HomeView.swift in Sources */ = {isa = PBXBuildFile; fileRef = CE48AE032BC589FA00F11775 /* HomeView.swift */; };
		CE8821E82BD54D0F00552984 /* ProductItemView.swift in Sources */ = {isa = PBXBuildFile; fileRef = CE8821E72BD54D0F00552984 /* ProductItemView.swift */; };
		CE9DA2A92BCFA85800D4E978 /* Extensions.swift in Sources */ = {isa = PBXBuildFile; fileRef = CE9DA2A82BCFA85800D4E978 /* Extensions.swift */; };
		CEAEC4262BC44BD9003F95C5 /* HazinApp.swift in Sources */ = {isa = PBXBuildFile; fileRef = CEAEC4252BC44BD9003F95C5 /* HazinApp.swift */; };
		CEAEC4282BC44BD9003F95C5 /* ContentView.swift in Sources */ = {isa = PBXBuildFile; fileRef = CEAEC4272BC44BD9003F95C5 /* ContentView.swift */; };
		CEAEC42A2BC44BDE003F95C5 /* Assets.xcassets in Resources */ = {isa = PBXBuildFile; fileRef = CEAEC4292BC44BDE003F95C5 /* Assets.xcassets */; };
		CEAEC42D2BC44BDE003F95C5 /* Preview Assets.xcassets in Resources */ = {isa = PBXBuildFile; fileRef = CEAEC42C2BC44BDE003F95C5 /* Preview Assets.xcassets */; };
		CEF38B5A2BCEBCF0006CF75A /* TenorSans-Regular.ttf in Resources */ = {isa = PBXBuildFile; fileRef = CEF38B592BCEBCF0006CF75A /* TenorSans-Regular.ttf */; };
/* End PBXBuildFile section */

/* Begin PBXFileReference section */
		CE0522B42BD0F25500A7C182 /* Product.swift */ = {isa = PBXFileReference; lastKnownFileType = sourcecode.swift; path = Product.swift; sourceTree = "<group>"; };
		CE2A1A2A2BD3FB3500423568 /* CategoryView.swift */ = {isa = PBXFileReference; lastKnownFileType = sourcecode.swift; path = CategoryView.swift; sourceTree = "<group>"; };
		CE45F1702BC97680000B430E /* HeaderView.swift */ = {isa = PBXFileReference; lastKnownFileType = sourcecode.swift; path = HeaderView.swift; sourceTree = "<group>"; };
		CE48ADFA2BC5897A00F11775 /* Typealiases.swift */ = {isa = PBXFileReference; lastKnownFileType = sourcecode.swift; path = Typealiases.swift; sourceTree = "<group>"; };
		CE48ADFC2BC5898A00F11775 /* Constants.swift */ = {isa = PBXFileReference; lastKnownFileType = sourcecode.swift; path = Constants.swift; sourceTree = "<group>"; };
		CE48ADFE2BC5899A00F11775 /* Enums.swift */ = {isa = PBXFileReference; lastKnownFileType = sourcecode.swift; path = Enums.swift; sourceTree = "<group>"; };
		CE48AE032BC589FA00F11775 /* HomeView.swift */ = {isa = PBXFileReference; lastKnownFileType = sourcecode.swift; path = HomeView.swift; sourceTree = "<group>"; };
		CE8821E72BD54D0F00552984 /* ProductItemView.swift */ = {isa = PBXFileReference; lastKnownFileType = sourcecode.swift; path = ProductItemView.swift; sourceTree = "<group>"; };
		CE9DA2A82BCFA85800D4E978 /* Extensions.swift */ = {isa = PBXFileReference; lastKnownFileType = sourcecode.swift; path = Extensions.swift; sourceTree = "<group>"; };
		CEAEC4222BC44BD9003F95C5 /* Hazin.app */ = {isa = PBXFileReference; explicitFileType = wrapper.application; includeInIndex = 0; path = Hazin.app; sourceTree = BUILT_PRODUCTS_DIR; };
		CEAEC4252BC44BD9003F95C5 /* HazinApp.swift */ = {isa = PBXFileReference; lastKnownFileType = sourcecode.swift; path = HazinApp.swift; sourceTree = "<group>"; };
		CEAEC4272BC44BD9003F95C5 /* ContentView.swift */ = {isa = PBXFileReference; lastKnownFileType = sourcecode.swift; path = ContentView.swift; sourceTree = "<group>"; };
		CEAEC4292BC44BDE003F95C5 /* Assets.xcassets */ = {isa = PBXFileReference; lastKnownFileType = folder.assetcatalog; path = Assets.xcassets; sourceTree = "<group>"; };
		CEAEC42C2BC44BDE003F95C5 /* Preview Assets.xcassets */ = {isa = PBXFileReference; lastKnownFileType = folder.assetcatalog; path = "Preview Assets.xcassets"; sourceTree = "<group>"; };
		CEF38B592BCEBCF0006CF75A /* TenorSans-Regular.ttf */ = {isa = PBXFileReference; lastKnownFileType = file; path = "TenorSans-Regular.ttf"; sourceTree = "<group>"; };
		CEF38B5B2BCEBD7F006CF75A /* Info.plist */ = {isa = PBXFileReference; lastKnownFileType = text.plist; path = Info.plist; sourceTree = "<group>"; };
/* End PBXFileReference section */

/* Begin PBXFrameworksBuildPhase section */
		CEAEC41F2BC44BD9003F95C5 /* Frameworks */ = {
			isa = PBXFrameworksBuildPhase;
			buildActionMask = 2147483647;
			files = (
			);
			runOnlyForDeploymentPostprocessing = 0;
		};
/* End PBXFrameworksBuildPhase section */

/* Begin PBXGroup section */
		CE48ADF52BC588F700F11775 /* Views */ = {
			isa = PBXGroup;
			children = (
				CE48AE052BC58A1400F11775 /* Components */,
				CE48AE022BC589D900F11775 /* MainViews */,
			);
			path = Views;
			sourceTree = "<group>";
		};
		CE48ADF62BC5891100F11775 /* ViewModels */ = {
			isa = PBXGroup;
			children = (
			);
			path = ViewModels;
			sourceTree = "<group>";
		};
		CE48ADF72BC5891C00F11775 /* Models */ = {
			isa = PBXGroup;
			children = (
				CE0522B42BD0F25500A7C182 /* Product.swift */,
			);
			path = Models;
			sourceTree = "<group>";
		};
		CE48ADF82BC5893500F11775 /* Support */ = {
			isa = PBXGroup;
			children = (
				CE9DA2A72BCFA83600D4E978 /* Color+Extensions */,
				CE48ADFA2BC5897A00F11775 /* Typealiases.swift */,
				CE48ADFC2BC5898A00F11775 /* Constants.swift */,
				CE48ADFE2BC5899A00F11775 /* Enums.swift */,
			);
			path = Support;
			sourceTree = "<group>";
		};
		CE48ADF92BC5893B00F11775 /* Application */ = {
			isa = PBXGroup;
			children = (
				CEAEC4252BC44BD9003F95C5 /* HazinApp.swift */,
			);
			path = Application;
			sourceTree = "<group>";
		};
		CE48AE022BC589D900F11775 /* MainViews */ = {
			isa = PBXGroup;
			children = (
				CE48AE032BC589FA00F11775 /* HomeView.swift */,
			);
			path = MainViews;
			sourceTree = "<group>";
		};
		CE48AE052BC58A1400F11775 /* Components */ = {
			isa = PBXGroup;
			children = (
				CE45F1702BC97680000B430E /* HeaderView.swift */,
				CE2A1A2A2BD3FB3500423568 /* CategoryView.swift */,
				CE8821E72BD54D0F00552984 /* ProductItemView.swift */,
			);
			path = Components;
			sourceTree = "<group>";
		};
		CE9DA2A72BCFA83600D4E978 /* Color+Extensions */ = {
			isa = PBXGroup;
			children = (
				CE9DA2A82BCFA85800D4E978 /* Extensions.swift */,
			);
			path = "Color+Extensions";
			sourceTree = "<group>";
		};
		CEAEC4192BC44BD9003F95C5 = {
			isa = PBXGroup;
			children = (
				CEAEC4242BC44BD9003F95C5 /* Hazin */,
				CEAEC4232BC44BD9003F95C5 /* Products */,
			);
			sourceTree = "<group>";
		};
		CEAEC4232BC44BD9003F95C5 /* Products */ = {
			isa = PBXGroup;
			children = (
				CEAEC4222BC44BD9003F95C5 /* Hazin.app */,
			);
			name = Products;
			sourceTree = "<group>";
		};
		CEAEC4242BC44BD9003F95C5 /* Hazin */ = {
			isa = PBXGroup;
			children = (
				CE48ADF92BC5893B00F11775 /* Application */,
				CEF38B5B2BCEBD7F006CF75A /* Info.plist */,
				CEAEC4272BC44BD9003F95C5 /* ContentView.swift */,
				CEF38B582BCEBCDF006CF75A /* Fonts */,
				CE48ADF82BC5893500F11775 /* Support */,
				CE48ADF72BC5891C00F11775 /* Models */,
				CE48ADF62BC5891100F11775 /* ViewModels */,
				CE48ADF52BC588F700F11775 /* Views */,
				CEAEC4292BC44BDE003F95C5 /* Assets.xcassets */,
				CEAEC42B2BC44BDE003F95C5 /* Preview Content */,
			);
			path = Hazin;
			sourceTree = "<group>";
		};
		CEAEC42B2BC44BDE003F95C5 /* Preview Content */ = {
			isa = PBXGroup;
			children = (
				CEAEC42C2BC44BDE003F95C5 /* Preview Assets.xcassets */,
			);
			path = "Preview Content";
			sourceTree = "<group>";
		};
		CEF38B582BCEBCDF006CF75A /* Fonts */ = {
			isa = PBXGroup;
			children = (
				CEF38B592BCEBCF0006CF75A /* TenorSans-Regular.ttf */,
			);
			path = Fonts;
			sourceTree = "<group>";
		};
/* End PBXGroup section */

/* Begin PBXNativeTarget section */
		CEAEC4212BC44BD9003F95C5 /* Hazin */ = {
			isa = PBXNativeTarget;
			buildConfigurationList = CEAEC4302BC44BDE003F95C5 /* Build configuration list for PBXNativeTarget "Hazin" */;
			buildPhases = (
				CEAEC41E2BC44BD9003F95C5 /* Sources */,
				CEAEC41F2BC44BD9003F95C5 /* Frameworks */,
				CEAEC4202BC44BD9003F95C5 /* Resources */,
			);
			buildRules = (
			);
			dependencies = (
			);
			name = Hazin;
			productName = Hazin;
			productReference = CEAEC4222BC44BD9003F95C5 /* Hazin.app */;
			productType = "com.apple.product-type.application";
		};
/* End PBXNativeTarget section */

/* Begin PBXProject section */
		CEAEC41A2BC44BD9003F95C5 /* Project object */ = {
			isa = PBXProject;
			attributes = {
				BuildIndependentTargetsInParallel = 1;
				LastSwiftUpdateCheck = 1420;
				LastUpgradeCheck = 1420;
				TargetAttributes = {
					CEAEC4212BC44BD9003F95C5 = {
						CreatedOnToolsVersion = 14.2;
					};
				};
			};
			buildConfigurationList = CEAEC41D2BC44BD9003F95C5 /* Build configuration list for PBXProject "Hazin" */;
			compatibilityVersion = "Xcode 14.0";
			developmentRegion = en;
			hasScannedForEncodings = 0;
			knownRegions = (
				en,
				Base,
			);
			mainGroup = CEAEC4192BC44BD9003F95C5;
			productRefGroup = CEAEC4232BC44BD9003F95C5 /* Products */;
			projectDirPath = "";
			projectRoot = "";
			targets = (
				CEAEC4212BC44BD9003F95C5 /* Hazin */,
			);
		};
/* End PBXProject section */

/* Begin PBXResourcesBuildPhase section */
		CEAEC4202BC44BD9003F95C5 /* Resources */ = {
			isa = PBXResourcesBuildPhase;
			buildActionMask = 2147483647;
			files = (
				CEF38B5A2BCEBCF0006CF75A /* TenorSans-Regular.ttf in Resources */,
				CEAEC42D2BC44BDE003F95C5 /* Preview Assets.xcassets in Resources */,
				CEAEC42A2BC44BDE003F95C5 /* Assets.xcassets in Resources */,
			);
			runOnlyForDeploymentPostprocessing = 0;
		};
/* End PBXResourcesBuildPhase section */

/* Begin PBXSourcesBuildPhase section */
		CEAEC41E2BC44BD9003F95C5 /* Sources */ = {
			isa = PBXSourcesBuildPhase;
			buildActionMask = 2147483647;
			files = (
				CE8821E82BD54D0F00552984 /* ProductItemView.swift in Sources */,
				CEAEC4282BC44BD9003F95C5 /* ContentView.swift in Sources */,
				CEAEC4262BC44BD9003F95C5 /* HazinApp.swift in Sources */,
				CE0522B52BD0F25500A7C182 /* Product.swift in Sources */,
				CE48ADFF2BC5899A00F11775 /* Enums.swift in Sources */,
				CE2A1A2B2BD3FB3500423568 /* CategoryView.swift in Sources */,
				CE9DA2A92BCFA85800D4E978 /* Extensions.swift in Sources */,
				CE48AE042BC589FA00F11775 /* HomeView.swift in Sources */,
				CE48ADFB2BC5897A00F11775 /* Typealiases.swift in Sources */,
				CE48ADFD2BC5898A00F11775 /* Constants.swift in Sources */,
				CE45F1712BC97680000B430E /* HeaderView.swift in Sources */,
			);
			runOnlyForDeploymentPostprocessing = 0;
		};
/* End PBXSourcesBuildPhase section */

/* Begin XCBuildConfiguration section */
		CEAEC42E2BC44BDE003F95C5 /* Debug */ = {
			isa = XCBuildConfiguration;
			buildSettings = {
				ALWAYS_SEARCH_USER_PATHS = NO;
				CLANG_ANALYZER_NONNULL = YES;
				CLANG_ANALYZER_NUMBER_OBJECT_CONVERSION = YES_AGGRESSIVE;
				CLANG_CXX_LANGUAGE_STANDARD = "gnu++20";
				CLANG_ENABLE_MODULES = YES;
				CLANG_ENABLE_OBJC_ARC = YES;
				CLANG_ENABLE_OBJC_WEAK = YES;
				CLANG_WARN_BLOCK_CAPTURE_AUTORELEASING = YES;
				CLANG_WARN_BOOL_CONVERSION = YES;
				CLANG_WARN_COMMA = YES;
				CLANG_WARN_CONSTANT_CONVERSION = YES;
				CLANG_WARN_DEPRECATED_OBJC_IMPLEMENTATIONS = YES;
				CLANG_WARN_DIRECT_OBJC_ISA_USAGE = YES_ERROR;
				CLANG_WARN_DOCUMENTATION_COMMENTS = YES;
				CLANG_WARN_EMPTY_BODY = YES;
				CLANG_WARN_ENUM_CONVERSION = YES;
				CLANG_WARN_INFINITE_RECURSION = YES;
				CLANG_WARN_INT_CONVERSION = YES;
				CLANG_WARN_NON_LITERAL_NULL_CONVERSION = YES;
				CLANG_WARN_OBJC_IMPLICIT_RETAIN_SELF = YES;
				CLANG_WARN_OBJC_LITERAL_CONVERSION = YES;
				CLANG_WARN_OBJC_ROOT_CLASS = YES_ERROR;
				CLANG_WARN_QUOTED_INCLUDE_IN_FRAMEWORK_HEADER = YES;
				CLANG_WARN_RANGE_LOOP_ANALYSIS = YES;
				CLANG_WARN_STRICT_PROTOTYPES = YES;
				CLANG_WARN_SUSPICIOUS_MOVE = YES;
				CLANG_WARN_UNGUARDED_AVAILABILITY = YES_AGGRESSIVE;
				CLANG_WARN_UNREACHABLE_CODE = YES;
				CLANG_WARN__DUPLICATE_METHOD_MATCH = YES;
				COPY_PHASE_STRIP = NO;
				DEBUG_INFORMATION_FORMAT = dwarf;
				ENABLE_STRICT_OBJC_MSGSEND = YES;
				ENABLE_TESTABILITY = YES;
				GCC_C_LANGUAGE_STANDARD = gnu11;
				GCC_DYNAMIC_NO_PIC = NO;
				GCC_NO_COMMON_BLOCKS = YES;
				GCC_OPTIMIZATION_LEVEL = 0;
				GCC_PREPROCESSOR_DEFINITIONS = (
					"DEBUG=1",
					"$(inherited)",
				);
				GCC_WARN_64_TO_32_BIT_CONVERSION = YES;
				GCC_WARN_ABOUT_RETURN_TYPE = YES_ERROR;
				GCC_WARN_UNDECLARED_SELECTOR = YES;
				GCC_WARN_UNINITIALIZED_AUTOS = YES_AGGRESSIVE;
				GCC_WARN_UNUSED_FUNCTION = YES;
				GCC_WARN_UNUSED_VARIABLE = YES;
				IPHONEOS_DEPLOYMENT_TARGET = 16.2;
				MTL_ENABLE_DEBUG_INFO = INCLUDE_SOURCE;
				MTL_FAST_MATH = YES;
				ONLY_ACTIVE_ARCH = YES;
				SDKROOT = iphoneos;
				SWIFT_ACTIVE_COMPILATION_CONDITIONS = DEBUG;
				SWIFT_OPTIMIZATION_LEVEL = "-Onone";
			};
			name = Debug;
		};
		CEAEC42F2BC44BDE003F95C5 /* Release */ = {
			isa = XCBuildConfiguration;
			buildSettings = {
				ALWAYS_SEARCH_USER_PATHS = NO;
				CLANG_ANALYZER_NONNULL = YES;
				CLANG_ANALYZER_NUMBER_OBJECT_CONVERSION = YES_AGGRESSIVE;
				CLANG_CXX_LANGUAGE_STANDARD = "gnu++20";
				CLANG_ENABLE_MODULES = YES;
				CLANG_ENABLE_OBJC_ARC = YES;
				CLANG_ENABLE_OBJC_WEAK = YES;
				CLANG_WARN_BLOCK_CAPTURE_AUTORELEASING = YES;
				CLANG_WARN_BOOL_CONVERSION = YES;
				CLANG_WARN_COMMA = YES;
				CLANG_WARN_CONSTANT_CONVERSION = YES;
				CLANG_WARN_DEPRECATED_OBJC_IMPLEMENTATIONS = YES;
				CLANG_WARN_DIRECT_OBJC_ISA_USAGE = YES_ERROR;
				CLANG_WARN_DOCUMENTATION_COMMENTS = YES;
				CLANG_WARN_EMPTY_BODY = YES;
				CLANG_WARN_ENUM_CONVERSION = YES;
				CLANG_WARN_INFINITE_RECURSION = YES;
				CLANG_WARN_INT_CONVERSION = YES;
				CLANG_WARN_NON_LITERAL_NULL_CONVERSION = YES;
				CLANG_WARN_OBJC_IMPLICIT_RETAIN_SELF = YES;
				CLANG_WARN_OBJC_LITERAL_CONVERSION = YES;
				CLANG_WARN_OBJC_ROOT_CLASS = YES_ERROR;
				CLANG_WARN_QUOTED_INCLUDE_IN_FRAMEWORK_HEADER = YES;
				CLANG_WARN_RANGE_LOOP_ANALYSIS = YES;
				CLANG_WARN_STRICT_PROTOTYPES = YES;
				CLANG_WARN_SUSPICIOUS_MOVE = YES;
				CLANG_WARN_UNGUARDED_AVAILABILITY = YES_AGGRESSIVE;
				CLANG_WARN_UNREACHABLE_CODE = YES;
				CLANG_WARN__DUPLICATE_METHOD_MATCH = YES;
				COPY_PHASE_STRIP = NO;
				DEBUG_INFORMATION_FORMAT = "dwarf-with-dsym";
				ENABLE_NS_ASSERTIONS = NO;
				ENABLE_STRICT_OBJC_MSGSEND = YES;
				GCC_C_LANGUAGE_STANDARD = gnu11;
				GCC_NO_COMMON_BLOCKS = YES;
				GCC_WARN_64_TO_32_BIT_CONVERSION = YES;
				GCC_WARN_ABOUT_RETURN_TYPE = YES_ERROR;
				GCC_WARN_UNDECLARED_SELECTOR = YES;
				GCC_WARN_UNINITIALIZED_AUTOS = YES_AGGRESSIVE;
				GCC_WARN_UNUSED_FUNCTION = YES;
				GCC_WARN_UNUSED_VARIABLE = YES;
				IPHONEOS_DEPLOYMENT_TARGET = 16.2;
				MTL_ENABLE_DEBUG_INFO = NO;
				MTL_FAST_MATH = YES;
				SDKROOT = iphoneos;
				SWIFT_COMPILATION_MODE = wholemodule;
				SWIFT_OPTIMIZATION_LEVEL = "-O";
				VALIDATE_PRODUCT = YES;
			};
			name = Release;
		};
		CEAEC4312BC44BDE003F95C5 /* Debug */ = {
			isa = XCBuildConfiguration;
			buildSettings = {
				ASSETCATALOG_COMPILER_APPICON_NAME = AppIcon;
				ASSETCATALOG_COMPILER_GLOBAL_ACCENT_COLOR_NAME = AccentColor;
				CODE_SIGN_STYLE = Automatic;
				CURRENT_PROJECT_VERSION = 1;
				DEVELOPMENT_ASSET_PATHS = "\"Hazin/Preview Content\"";
				DEVELOPMENT_TEAM = U6ZR7ZT3Y7;
				ENABLE_PREVIEWS = YES;
				GENERATE_INFOPLIST_FILE = YES;
				INFOPLIST_FILE = Hazin/Info.plist;
				INFOPLIST_KEY_UIApplicationSceneManifest_Generation = YES;
				INFOPLIST_KEY_UIApplicationSupportsIndirectInputEvents = YES;
				INFOPLIST_KEY_UILaunchScreen_Generation = YES;
				INFOPLIST_KEY_UISupportedInterfaceOrientations_iPad = "UIInterfaceOrientationPortrait UIInterfaceOrientationPortraitUpsideDown UIInterfaceOrientationLandscapeLeft UIInterfaceOrientationLandscapeRight";
				INFOPLIST_KEY_UISupportedInterfaceOrientations_iPhone = "UIInterfaceOrientationPortrait UIInterfaceOrientationLandscapeLeft UIInterfaceOrientationLandscapeRight";
				LD_RUNPATH_SEARCH_PATHS = (
					"$(inherited)",
					"@executable_path/Frameworks",
				);
				MARKETING_VERSION = 1.0;
				PRODUCT_BUNDLE_IDENTIFIER = com.marajhossain.Hazin;
				PRODUCT_NAME = "$(TARGET_NAME)";
				SWIFT_EMIT_LOC_STRINGS = YES;
				SWIFT_VERSION = 5.0;
				TARGETED_DEVICE_FAMILY = "1,2";
			};
			name = Debug;
		};
		CEAEC4322BC44BDE003F95C5 /* Release */ = {
			isa = XCBuildConfiguration;
			buildSettings = {
				ASSETCATALOG_COMPILER_APPICON_NAME = AppIcon;
				ASSETCATALOG_COMPILER_GLOBAL_ACCENT_COLOR_NAME = AccentColor;
				CODE_SIGN_STYLE = Automatic;
				CURRENT_PROJECT_VERSION = 1;
				DEVELOPMENT_ASSET_PATHS = "\"Hazin/Preview Content\"";
				DEVELOPMENT_TEAM = U6ZR7ZT3Y7;
				ENABLE_PREVIEWS = YES;
				GENERATE_INFOPLIST_FILE = YES;
				INFOPLIST_FILE = Hazin/Info.plist;
				INFOPLIST_KEY_UIApplicationSceneManifest_Generation = YES;
				INFOPLIST_KEY_UIApplicationSupportsIndirectInputEvents = YES;
				INFOPLIST_KEY_UILaunchScreen_Generation = YES;
				INFOPLIST_KEY_UISupportedInterfaceOrientations_iPad = "UIInterfaceOrientationPortrait UIInterfaceOrientationPortraitUpsideDown UIInterfaceOrientationLandscapeLeft UIInterfaceOrientationLandscapeRight";
				INFOPLIST_KEY_UISupportedInterfaceOrientations_iPhone = "UIInterfaceOrientationPortrait UIInterfaceOrientationLandscapeLeft UIInterfaceOrientationLandscapeRight";
				LD_RUNPATH_SEARCH_PATHS = (
					"$(inherited)",
					"@executable_path/Frameworks",
				);
				MARKETING_VERSION = 1.0;
				PRODUCT_BUNDLE_IDENTIFIER = com.marajhossain.Hazin;
				PRODUCT_NAME = "$(TARGET_NAME)";
				SWIFT_EMIT_LOC_STRINGS = YES;
				SWIFT_VERSION = 5.0;
				TARGETED_DEVICE_FAMILY = "1,2";
			};
			name = Release;
		};
/* End XCBuildConfiguration section */

/* Begin XCConfigurationList section */
		CEAEC41D2BC44BD9003F95C5 /* Build configuration list for PBXProject "Hazin" */ = {
			isa = XCConfigurationList;
			buildConfigurations = (
				CEAEC42E2BC44BDE003F95C5 /* Debug */,
				CEAEC42F2BC44BDE003F95C5 /* Release */,
			);
			defaultConfigurationIsVisible = 0;
			defaultConfigurationName = Release;
		};
		CEAEC4302BC44BDE003F95C5 /* Build configuration list for PBXNativeTarget "Hazin" */ = {
			isa = XCConfigurationList;
			buildConfigurations = (
				CEAEC4312BC44BDE003F95C5 /* Debug */,
				CEAEC4322BC44BDE003F95C5 /* Release */,
			);
			defaultConfigurationIsVisible = 0;
			defaultConfigurationName = Release;
		};
/* End XCConfigurationList section */
	};
	rootObject = CEAEC41A2BC44BD9003F95C5 /* Project object */;
}
